
Microsoft Visual Studio Solution File, Format Version 12.00
# Visual Studio 15
VisualStudioVersion = 15.0.28010.2046
MinimumVisualStudioVersion = 10.0.40219.1
Project("{FAE04EC0-301F-11D3-BF4B-00C04F79EFBC}") = "AdventureWorks.DbModel", "AdventureWorks.DbModel\AdventureWorks.DbModel.csproj", "{DBDBBB2B-E09B-4C62-9BCD-6B50F50C616A}"
EndProject
Project("{FAE04EC0-301F-11D3-BF4B-00C04F79EFBC}") = "AdventureWorks.WebApi", "AdventureWorks.WebApi\AdventureWorks.WebApi.csproj", "{5AD280B0-5D95-47A5-B23A-7F0130E71246}"
EndProject
Project("{FAE04EC0-301F-11D3-BF4B-00C04F79EFBC}") = "AdventureWorks.Infrastructure", "AdventureWorks.Infrastructure\AdventureWorks.Infrastructure.csproj", "{27771AF8-3480-4C3C-B1B8-059FCA7C7AE5}"
EndProject
Global
	GlobalSection(SolutionConfigurationPlatforms) = preSolution
		Debug|Any CPU = Debug|Any CPU
		Release|Any CPU = Release|Any CPU
	EndGlobalSection
	GlobalSection(ProjectConfigurationPlatforms) = postSolution
		{DBDBBB2B-E09B-4C62-9BCD-6B50F50C616A}.Debug|Any CPU.ActiveCfg = Debug|Any CPU
		{DBDBBB2B-E09B-4C62-9BCD-6B50F50C616A}.Debug|Any CPU.Build.0 = Debug|Any CPU
		{DBDBBB2B-E09B-4C62-9BCD-6B50F50C616A}.Release|Any CPU.ActiveCfg = Release|Any CPU
		{DBDBBB2B-E09B-4C62-9BCD-6B50F50C616A}.Release|Any CPU.Build.0 = Release|Any CPU
		{5AD280B0-5D95-47A5-B23A-7F0130E71246}.Debug|Any CPU.ActiveCfg = Debug|Any CPU
		{5AD280B0-5D95-47A5-B23A-7F0130E71246}.Debug|Any CPU.Build.0 = Debug|Any CPU
		{5AD280B0-5D95-47A5-B23A-7F0130E71246}.Release|Any CPU.ActiveCfg = Release|Any CPU
		{5AD280B0-5D95-47A5-B23A-7F0130E71246}.Release|Any CPU.Build.0 = Release|Any CPU
		{27771AF8-3480-4C3C-B1B8-059FCA7C7AE5}.Debug|Any CPU.ActiveCfg = Debug|Any CPU
		{27771AF8-3480-4C3C-B1B8-059FCA7C7AE5}.Debug|Any CPU.Build.0 = Debug|Any CPU
		{27771AF8-3480-4C3C-B1B8-059FCA7C7AE5}.Release|Any CPU.ActiveCfg = Release|Any CPU
		{27771AF8-3480-4C3C-B1B8-059FCA7C7AE5}.Release|Any CPU.Build.0 = Release|Any CPU
	EndGlobalSection
	GlobalSection(SolutionProperties) = preSolution
		HideSolutionNode = FALSE
	EndGlobalSection
	GlobalSection(ExtensibilityGlobals) = postSolution
		SolutionGuid = {275C701E-2FE1-499C-9315-2730AE9819FB}
	EndGlobalSection
EndGlobal
